
Microsoft Visual Studio Solution File, Format Version 12.00
# Visual Studio 15
VisualStudioVersion = 15.0.27130.2010
MinimumVisualStudioVersion = 10.0.40219.1
Project("{2150E333-8FDC-42A3-9474-1A3956D46DE8}") = "src", "src", "{3DFA2DB0-CC79-4E93-B655-B503A58965E7}"
EndProject
Project("{2150E333-8FDC-42A3-9474-1A3956D46DE8}") = "test", "test", "{96260DAA-D418-46FF-A38D-C5B25051F00C}"
EndProject
Project("{2150E333-8FDC-42A3-9474-1A3956D46DE8}") = "Solution Items", "Solution Items", "{901E5BE4-BD1D-4AFB-9413-8F1F5292483F}"
	ProjectSection(SolutionItems) = preProject
		.gitattributes = .gitattributes
		.gitignore = .gitignore
		README.md = README.md
	EndProjectSection
EndProject
Project("{FAE04EC0-301F-11D3-BF4B-00C04F79EFBC}") = "Core", "src\Core\Core.csproj", "{414D9717-66AD-412A-A38C-D3CB2A61646A}"
EndProject
Global
	GlobalSection(SolutionConfigurationPlatforms) = preSolution
		Debug|Any CPU = Debug|Any CPU
		Release|Any CPU = Release|Any CPU
	EndGlobalSection
	GlobalSection(ProjectConfigurationPlatforms) = postSolution
		{414D9717-66AD-412A-A38C-D3CB2A61646A}.Debug|Any CPU.ActiveCfg = Debug|Any CPU
		{414D9717-66AD-412A-A38C-D3CB2A61646A}.Debug|Any CPU.Build.0 = Debug|Any CPU
		{414D9717-66AD-412A-A38C-D3CB2A61646A}.Release|Any CPU.ActiveCfg = Release|Any CPU
		{414D9717-66AD-412A-A38C-D3CB2A61646A}.Release|Any CPU.Build.0 = Release|Any CPU
	EndGlobalSection
	GlobalSection(SolutionProperties) = preSolution
		HideSolutionNode = FALSE
	EndGlobalSection
	GlobalSection(NestedProjects) = preSolution
		{414D9717-66AD-412A-A38C-D3CB2A61646A} = {3DFA2DB0-CC79-4E93-B655-B503A58965E7}
	EndGlobalSection
	GlobalSection(ExtensibilityGlobals) = postSolution
		SolutionGuid = {82DBCCEE-41B3-496F-8D89-6FEEE536873D}
	EndGlobalSection
EndGlobal
